<?xml version="1.0" encoding="utf-8"?>
<Project ToolsVersion="4.0" xmlns="http://schemas.microsoft.com/developer/msbuild/2003">
  <ItemGroup>
    <Filter Include="源文件">
      <UniqueIdentifier>{4FC737F1-C7A5-4376-A066-2A32D752A2FF}</UniqueIdentifier>
      <Extensions>cpp;c;cc;cxx;c++;cppm;ixx;def;odl;idl;hpj;bat;asm;asmx</Extensions>
    </Filter>
    <Filter Include="头文件">
      <UniqueIdentifier>{93995380-89BD-4b04-88EB-625FBE52EBFB}</UniqueIdentifier>
      <Extensions>h;hh;hpp;hxx;h++;hm;inl;inc;ipp;xsd</Extensions>
    </Filter>
    <Filter Include="资源文件">
      <UniqueIdentifier>{67DA6AB6-F800-4c08-8B7A-83BB121AAD01}</UniqueIdentifier>
      <Extensions>rc;ico;cur;bmp;dlg;rc2;rct;bin;rgs;gif;jpg;jpeg;jpe;resx;tiff;tif;png;wav;mfcribbon-ms</Extensions>
    </Filter>
  </ItemGroup>
  <ItemGroup>
    <Image Include="image\源石虫.ico">
      <Filter>资源文件</Filter>
    </Image>
    <Image Include="image\background (1).bmp">
      <Filter>资源文件</Filter>
    </Image>
    <Image Include="image\char_350_surtr-0.ico">
      <Filter>资源文件</Filter>
    </Image>
    <Image Include="image\ship.png">
      <Filter>资源文件</Filter>
    </Image>
    <Image Include="image\char_350_surtr-0.bmp">
      <Filter>资源文件</Filter>
    </Image>
    <Image Include="image\icon3.ico">
      <Filter>资源文件</Filter>
    </Image>
    <Image Include="image\texas0.ico">
      <Filter>资源文件</Filter>
    </Image>
    <Image Include="image\texas1.ico">
      <Filter>资源文件</Filter>
    </Image>
    <Image Include="image\texas2.ico">
      <Filter>资源文件</Filter>
    </Image>
    <Image Include="image\texas3.ico">
      <Filter>资源文件</Filter>
    </Image>
    <Image Include="image\texas4.ico">
      <Filter>资源文件</Filter>
    </Image>
    <Image Include="image\texas5.ico">
      <Filter>资源文件</Filter>
    </Image>
    <Image Include="image\texas6.ico">
      <Filter>资源文件</Filter>
    </Image>
    <Image Include="image\amiya1.ico">
      <Filter>资源文件</Filter>
    </Image>
    <Image Include="image\amiya2.ico">
      <Filter>资源文件</Filter>
    </Image>
    <Image Include="image\amiya3.ico">
      <Filter>资源文件</Filter>
    </Image>
    <Image Include="image\surtr0.ico">
      <Filter>资源文件</Filter>
    </Image>
    <Image Include="image\surtr1.ico">
      <Filter>资源文件</Filter>
    </Image>
    <Image Include="image\surtr2.ico">
      <Filter>资源文件</Filter>
    </Image>
    <Image Include="image\surtr3.ico">
      <Filter>资源文件</Filter>
    </Image>
    <Image Include="image\surtr4.ico">
      <Filter>资源文件</Filter>
    </Image>
    <Image Include="image\surtr5.ico">
      <Filter>资源文件</Filter>
    </Image>
    <Image Include="image\surtr6.ico">
      <Filter>资源文件</Filter>
    </Image>
    <Image Include="image\amiya4.ico">
      <Filter>资源文件</Filter>
    </Image>
    <Image Include="image\amiya5.ico">
      <Filter>资源文件</Filter>
    </Image>
    <Image Include="image\amiya6.ico">
      <Filter>资源文件</Filter>
    </Image>
    <Image Include="image\perfect.ico">
      <Filter>资源文件</Filter>
    </Image>
    <Image Include="image\miss.ico">
      <Filter>资源文件</Filter>
    </Image>
    <Image Include="image\great.ico">
      <Filter>资源文件</Filter>
    </Image>
    <Image Include="image\mission.ico">
      <Filter>资源文件</Filter>
    </Image>
    <Image Include="image\ToA_Wallpaper.bmp">
      <Filter>资源文件</Filter>
    </Image>
    <Image Include="image\89314178_p1.bmp">
      <Filter>资源文件</Filter>
    </Image>
    <Image Include="image\start_window_sample.bmp">
      <Filter>资源文件</Filter>
    </Image>
    <Image Include="image\select window.bmp">
      <Filter>资源文件</Filter>
    </Image>
    <Image Include="image\game_icon.ico">
      <Filter>资源文件</Filter>
    </Image>
    <Image Include="image\pause.ico">
      <Filter>资源文件</Filter>
    </Image>
  </ItemGroup>
  <ItemGroup>
    <ClInclude Include="resource.h">
      <Filter>头文件</Filter>
    </ClInclude>
  </ItemGroup>
  <ItemGroup>
    <ResourceCompile Include="x86 assmble.rc">
      <Filter>资源文件</Filter>
    </ResourceCompile>
  </ItemGroup>
  <ItemGroup>
    <MASM Include="game_noGDIleak_intrf.asm">
      <Filter>源文件</Filter>
    </MASM>
  </ItemGroup>
</Project>